
Microsoft Visual Studio Solution File, Format Version 12.00
# Visual Studio Version 16
VisualStudioVersion = 16.0.31205.134
MinimumVisualStudioVersion = 10.0.40219.1
Project("{FAE04EC0-301F-11D3-BF4B-00C04F79EFBC}") = "WpfLogin", "WpfLogin.csproj", "{482F42D7-3121-4788-B358-4356397D9158}"
EndProject
Global
	GlobalSection(SolutionConfigurationPlatforms) = preSolution
		Debug|Any CPU = Debug|Any CPU
		Release|Any CPU = Release|Any CPU
	EndGlobalSection
	GlobalSection(ProjectConfigurationPlatforms) = postSolution
		{482F42D7-3121-4788-B358-4356397D9158}.Debug|Any CPU.ActiveCfg = Debug|Any CPU
		{482F42D7-3121-4788-B358-4356397D9158}.Debug|Any CPU.Build.0 = Debug|Any CPU
		{482F42D7-3121-4788-B358-4356397D9158}.Release|Any CPU.ActiveCfg = Release|Any CPU
		{482F42D7-3121-4788-B358-4356397D9158}.Release|Any CPU.Build.0 = Release|Any CPU
	EndGlobalSection
	GlobalSection(SolutionProperties) = preSolution
		HideSolutionNode = FALSE
	EndGlobalSection
	GlobalSection(ExtensibilityGlobals) = postSolution
		SolutionGuid = {862A0801-2B32-4798-ABD4-11F2920A5B27}
	EndGlobalSection
EndGlobal
